
Microsoft Visual Studio Solution File, Format Version 12.00
# Visual Studio 15
VisualStudioVersion = 15.0.27130.2027
MinimumVisualStudioVersion = 10.0.40219.1
Project("{FAE04EC0-301F-11D3-BF4B-00C04F79EFBC}") = "WindowFormsTestApp", "WindowFormsTestApp\WindowFormsTestApp.csproj", "{55EAAC91-2783-42DE-B3AC-6F265D015265}"
EndProject
Global
	GlobalSection(SolutionConfigurationPlatforms) = preSolution
		Debug|Any CPU = Debug|Any CPU
		Release|Any CPU = Release|Any CPU
	EndGlobalSection
	GlobalSection(ProjectConfigurationPlatforms) = postSolution
		{55EAAC91-2783-42DE-B3AC-6F265D015265}.Debug|Any CPU.ActiveCfg = Debug|Any CPU
		{55EAAC91-2783-42DE-B3AC-6F265D015265}.Debug|Any CPU.Build.0 = Debug|Any CPU
		{55EAAC91-2783-42DE-B3AC-6F265D015265}.Release|Any CPU.ActiveCfg = Release|Any CPU
		{55EAAC91-2783-42DE-B3AC-6F265D015265}.Release|Any CPU.Build.0 = Release|Any CPU
	EndGlobalSection
	GlobalSection(SolutionProperties) = preSolution
		HideSolutionNode = FALSE
	EndGlobalSection
	GlobalSection(ExtensibilityGlobals) = postSolution
		SolutionGuid = {9F135C9A-900B-4E49-86D0-E115872E86F0}
	EndGlobalSection
EndGlobal
